
Microsoft Visual Studio Solution File, Format Version 12.00
# Visual Studio Version 17
VisualStudioVersion = 17.9.34714.143
MinimumVisualStudioVersion = 10.0.40219.1
Project("{8BC9CEB8-8B4A-11D0-8D11-00A0C91BC942}") = "QSC", "..\QSC\QSC\QSC.vcxproj", "{7B7F8E47-0F7C-4273-A229-A7AB2A452EA9}"
EndProject
Project("{8BC9CEB8-8B4A-11D0-8D11-00A0C91BC942}") = "QSTP", "QSTP\MPTP.vcxproj", "{7044C00F-CF2F-49AF-B1E9-4AFFC903EA41}"
EndProject
Project("{8BC9CEB8-8B4A-11D0-8D11-00A0C91BC942}") = "QSTP Root", "QSTP Root\QSTP Root.vcxproj", "{4F112100-E549-46D8-B189-9B28613D7FFD}"
EndProject
Project("{8BC9CEB8-8B4A-11D0-8D11-00A0C91BC942}") = "QSTP Server", "QSTP Server\QSTP Server.vcxproj", "{EAFBC260-1F81-421C-885D-2D7AB0D09F47}"
EndProject
Project("{8BC9CEB8-8B4A-11D0-8D11-00A0C91BC942}") = "QSTP Client", "QSTP Client\QSTP Client.vcxproj", "{E7A29919-F0D8-46C4-B754-4854E53E3CC3}"
EndProject
Project("{2150E333-8FDC-42A3-9474-1A3956D46DE8}") = "Solution Items", "Solution Items", "{0A0B71E4-6C2F-48E0-AA17-2819FE7F1D5B}"
	ProjectSection(SolutionItems) = preProject
		QSTP\QRCS-PL License.txt = QSTP\QRCS-PL License.txt
	EndProjectSection
EndProject
Global
	GlobalSection(SolutionConfigurationPlatforms) = preSolution
		Debug|ARM = Debug|ARM
		Debug|x64 = Debug|x64
		Debug|x86 = Debug|x86
		Release|ARM = Release|ARM
		Release|x64 = Release|x64
		Release|x86 = Release|x86
	EndGlobalSection
	GlobalSection(ProjectConfigurationPlatforms) = postSolution
		{7B7F8E47-0F7C-4273-A229-A7AB2A452EA9}.Debug|ARM.ActiveCfg = Debug|ARM
		{7B7F8E47-0F7C-4273-A229-A7AB2A452EA9}.Debug|ARM.Build.0 = Debug|ARM
		{7B7F8E47-0F7C-4273-A229-A7AB2A452EA9}.Debug|x64.ActiveCfg = Debug|x64
		{7B7F8E47-0F7C-4273-A229-A7AB2A452EA9}.Debug|x64.Build.0 = Debug|x64
		{7B7F8E47-0F7C-4273-A229-A7AB2A452EA9}.Debug|x86.ActiveCfg = Debug|Win32
		{7B7F8E47-0F7C-4273-A229-A7AB2A452EA9}.Debug|x86.Build.0 = Debug|Win32
		{7B7F8E47-0F7C-4273-A229-A7AB2A452EA9}.Release|ARM.ActiveCfg = Release|ARM
		{7B7F8E47-0F7C-4273-A229-A7AB2A452EA9}.Release|ARM.Build.0 = Release|ARM
		{7B7F8E47-0F7C-4273-A229-A7AB2A452EA9}.Release|x64.ActiveCfg = Release|x64
		{7B7F8E47-0F7C-4273-A229-A7AB2A452EA9}.Release|x64.Build.0 = Release|x64
		{7B7F8E47-0F7C-4273-A229-A7AB2A452EA9}.Release|x86.ActiveCfg = Release|Win32
		{7B7F8E47-0F7C-4273-A229-A7AB2A452EA9}.Release|x86.Build.0 = Release|Win32
		{7044C00F-CF2F-49AF-B1E9-4AFFC903EA41}.Debug|ARM.ActiveCfg = Debug|x64
		{7044C00F-CF2F-49AF-B1E9-4AFFC903EA41}.Debug|ARM.Build.0 = Debug|x64
		{7044C00F-CF2F-49AF-B1E9-4AFFC903EA41}.Debug|x64.ActiveCfg = Debug|x64
		{7044C00F-CF2F-49AF-B1E9-4AFFC903EA41}.Debug|x64.Build.0 = Debug|x64
		{7044C00F-CF2F-49AF-B1E9-4AFFC903EA41}.Debug|x86.ActiveCfg = Debug|Win32
		{7044C00F-CF2F-49AF-B1E9-4AFFC903EA41}.Debug|x86.Build.0 = Debug|Win32
		{7044C00F-CF2F-49AF-B1E9-4AFFC903EA41}.Release|ARM.ActiveCfg = Release|x64
		{7044C00F-CF2F-49AF-B1E9-4AFFC903EA41}.Release|ARM.Build.0 = Release|x64
		{7044C00F-CF2F-49AF-B1E9-4AFFC903EA41}.Release|x64.ActiveCfg = Release|x64
		{7044C00F-CF2F-49AF-B1E9-4AFFC903EA41}.Release|x64.Build.0 = Release|x64
		{7044C00F-CF2F-49AF-B1E9-4AFFC903EA41}.Release|x86.ActiveCfg = Release|Win32
		{7044C00F-CF2F-49AF-B1E9-4AFFC903EA41}.Release|x86.Build.0 = Release|Win32
		{4F112100-E549-46D8-B189-9B28613D7FFD}.Debug|ARM.ActiveCfg = Debug|x64
		{4F112100-E549-46D8-B189-9B28613D7FFD}.Debug|ARM.Build.0 = Debug|x64
		{4F112100-E549-46D8-B189-9B28613D7FFD}.Debug|x64.ActiveCfg = Debug|x64
		{4F112100-E549-46D8-B189-9B28613D7FFD}.Debug|x64.Build.0 = Debug|x64
		{4F112100-E549-46D8-B189-9B28613D7FFD}.Debug|x86.ActiveCfg = Debug|Win32
		{4F112100-E549-46D8-B189-9B28613D7FFD}.Debug|x86.Build.0 = Debug|Win32
		{4F112100-E549-46D8-B189-9B28613D7FFD}.Release|ARM.ActiveCfg = Release|x64
		{4F112100-E549-46D8-B189-9B28613D7FFD}.Release|ARM.Build.0 = Release|x64
		{4F112100-E549-46D8-B189-9B28613D7FFD}.Release|x64.ActiveCfg = Release|x64
		{4F112100-E549-46D8-B189-9B28613D7FFD}.Release|x64.Build.0 = Release|x64
		{4F112100-E549-46D8-B189-9B28613D7FFD}.Release|x86.ActiveCfg = Release|Win32
		{4F112100-E549-46D8-B189-9B28613D7FFD}.Release|x86.Build.0 = Release|Win32
		{EAFBC260-1F81-421C-885D-2D7AB0D09F47}.Debug|ARM.ActiveCfg = Debug|x64
		{EAFBC260-1F81-421C-885D-2D7AB0D09F47}.Debug|ARM.Build.0 = Debug|x64
		{EAFBC260-1F81-421C-885D-2D7AB0D09F47}.Debug|x64.ActiveCfg = Debug|x64
		{EAFBC260-1F81-421C-885D-2D7AB0D09F47}.Debug|x64.Build.0 = Debug|x64
		{EAFBC260-1F81-421C-885D-2D7AB0D09F47}.Debug|x86.ActiveCfg = Debug|Win32
		{EAFBC260-1F81-421C-885D-2D7AB0D09F47}.Debug|x86.Build.0 = Debug|Win32
		{EAFBC260-1F81-421C-885D-2D7AB0D09F47}.Release|ARM.ActiveCfg = Release|x64
		{EAFBC260-1F81-421C-885D-2D7AB0D09F47}.Release|ARM.Build.0 = Release|x64
		{EAFBC260-1F81-421C-885D-2D7AB0D09F47}.Release|x64.ActiveCfg = Release|x64
		{EAFBC260-1F81-421C-885D-2D7AB0D09F47}.Release|x64.Build.0 = Release|x64
		{EAFBC260-1F81-421C-885D-2D7AB0D09F47}.Release|x86.ActiveCfg = Release|Win32
		{EAFBC260-1F81-421C-885D-2D7AB0D09F47}.Release|x86.Build.0 = Release|Win32
		{E7A29919-F0D8-46C4-B754-4854E53E3CC3}.Debug|ARM.ActiveCfg = Debug|x64
		{E7A29919-F0D8-46C4-B754-4854E53E3CC3}.Debug|ARM.Build.0 = Debug|x64
		{E7A29919-F0D8-46C4-B754-4854E53E3CC3}.Debug|x64.ActiveCfg = Debug|x64
		{E7A29919-F0D8-46C4-B754-4854E53E3CC3}.Debug|x64.Build.0 = Debug|x64
		{E7A29919-F0D8-46C4-B754-4854E53E3CC3}.Debug|x86.ActiveCfg = Debug|Win32
		{E7A29919-F0D8-46C4-B754-4854E53E3CC3}.Debug|x86.Build.0 = Debug|Win32
		{E7A29919-F0D8-46C4-B754-4854E53E3CC3}.Release|ARM.ActiveCfg = Release|x64
		{E7A29919-F0D8-46C4-B754-4854E53E3CC3}.Release|ARM.Build.0 = Release|x64
		{E7A29919-F0D8-46C4-B754-4854E53E3CC3}.Release|x64.ActiveCfg = Release|x64
		{E7A29919-F0D8-46C4-B754-4854E53E3CC3}.Release|x64.Build.0 = Release|x64
		{E7A29919-F0D8-46C4-B754-4854E53E3CC3}.Release|x86.ActiveCfg = Release|Win32
		{E7A29919-F0D8-46C4-B754-4854E53E3CC3}.Release|x86.Build.0 = Release|Win32
	EndGlobalSection
	GlobalSection(SolutionProperties) = preSolution
		HideSolutionNode = FALSE
	EndGlobalSection
	GlobalSection(ExtensibilityGlobals) = postSolution
		SolutionGuid = {CD19C5DC-21F1-4B69-83A0-84BED5CBE161}
	EndGlobalSection
EndGlobal
